
Microsoft Visual Studio Solution File, Format Version 12.00
# Visual Studio Version 17
VisualStudioVersion = 17.13.35919.96 d17.13
MinimumVisualStudioVersion = 10.0.40219.1
Project("{FAE04EC0-301F-11D3-BF4B-00C04F79EFBC}") = "checkers_kkkkkkk", "checkers_kkkkkkk.csproj", "{9F0DDBB4-BF2F-4899-BAE6-01389F092624}"
EndProject
Global
	GlobalSection(SolutionConfigurationPlatforms) = preSolution
		Debug|Any CPU = Debug|Any CPU
		Release|Any CPU = Release|Any CPU
	EndGlobalSection
	GlobalSection(ProjectConfigurationPlatforms) = postSolution
		{9F0DDBB4-BF2F-4899-BAE6-01389F092624}.Debug|Any CPU.ActiveCfg = Debug|Any CPU
		{9F0DDBB4-BF2F-4899-BAE6-01389F092624}.Debug|Any CPU.Build.0 = Debug|Any CPU
		{9F0DDBB4-BF2F-4899-BAE6-01389F092624}.Release|Any CPU.ActiveCfg = Release|Any CPU
		{9F0DDBB4-BF2F-4899-BAE6-01389F092624}.Release|Any CPU.Build.0 = Release|Any CPU
	EndGlobalSection
	GlobalSection(SolutionProperties) = preSolution
		HideSolutionNode = FALSE
	EndGlobalSection
	GlobalSection(ExtensibilityGlobals) = postSolution
		SolutionGuid = {9CBC7971-7556-4503-89A6-01352DBF07A5}
	EndGlobalSection
EndGlobal
